
Microsoft Visual Studio Solution File, Format Version 12.00
# Visual Studio Version 17
VisualStudioVersion = 17.10.35013.160
MinimumVisualStudioVersion = 10.0.40219.1
Project("{FAE04EC0-301F-11D3-BF4B-00C04F79EFBC}") = "Foody", "Foody.csproj", "{32E082FB-625A-4C3E-94CD-62328446AC5F}"
EndProject
Global
	GlobalSection(SolutionConfigurationPlatforms) = preSolution
		Debug|Any CPU = Debug|Any CPU
		Release|Any CPU = Release|Any CPU
	EndGlobalSection
	GlobalSection(ProjectConfigurationPlatforms) = postSolution
		{32E082FB-625A-4C3E-94CD-62328446AC5F}.Debug|Any CPU.ActiveCfg = Debug|Any CPU
		{32E082FB-625A-4C3E-94CD-62328446AC5F}.Debug|Any CPU.Build.0 = Debug|Any CPU
		{32E082FB-625A-4C3E-94CD-62328446AC5F}.Release|Any CPU.ActiveCfg = Release|Any CPU
		{32E082FB-625A-4C3E-94CD-62328446AC5F}.Release|Any CPU.Build.0 = Release|Any CPU
	EndGlobalSection
	GlobalSection(SolutionProperties) = preSolution
		HideSolutionNode = FALSE
	EndGlobalSection
	GlobalSection(ExtensibilityGlobals) = postSolution
		SolutionGuid = {BAB895B8-3694-4319-AAB3-199BF9691D2A}
	EndGlobalSection
EndGlobal
